# This file is autogenerated, do not edit; changes may be undone by the next 'dep ensure'.


[[projects]]
  digest = "1:2cd7915ab26ede7d95b8749e6b1f933f1c6d5398030684e6505940a10f31cfda"
  name = "github.com/ghodss/yaml"
  packages = ["."]
  pruneopts = "UT"
  revision = "0ca9ea5df5451ffdf184b4428c902747c2c11cd7"
  version = "v1.0.0"

[[projects]]
  branch = "master"
  digest = "1:3fdbd53962bb796a751552e6be1fb3dbd293d6d5851c0c48f611a82480769d7c"
  name = "github.com/gogo/googleapis"
  packages = ["google/rpc"]
  pruneopts = "UT"
  revision = "8558fb44d2f1fc223118afc694129d2c2d2924d1"

[[projects]]
  digest = "1:c23ef5b1fa68d209f3a299f58f3de6ecf126c1724a8c2d28e7930c291eb32dd5"
  name = "github.com/gogo/protobuf"
  packages = [
    "gogoproto",
    "proto",
    "protoc-gen-gogo/descriptor",
    "sortkeys",
    "types",
  ]
  pruneopts = "UT"
  revision = "ba06b47c162d49f2af050fb4c75bcbc86a159d5c"
  version = "v1.2.1"

[[projects]]
  digest = "1:34cda9b255535dd76ef14c46a9ad6f440f20283b6cd353403717730d149815ae"
  name = "github.com/gogo/status"
  packages = ["."]
  pruneopts = "UT"
  revision = "d60b5acac426cb52f7e28124c6aaa862d9f339f5"

[[projects]]
  branch = "master"
  digest = "1:1ba1d79f2810270045c328ae5d674321db34e3aae468eb4233883b473c5c0467"
  name = "github.com/golang/glog"
  packages = ["."]
  pruneopts = "UT"
  revision = "23def4e6c14b4da8ac2ed8007337bc5eb5007998"

[[projects]]
  digest = "1:239c4c7fd2159585454003d9be7207167970194216193a8a210b8d29576f19c9"
  name = "github.com/golang/protobuf"
  packages = [
    "proto",
    "ptypes",
    "ptypes/any",
    "ptypes/duration",
    "ptypes/timestamp",
  ]
  pruneopts = "UT"
  revision = "c823c79ea1570fb5ff454033735a8e68575d1d0f"
  version = "v1.3.0"

[[projects]]
  branch = "master"
  digest = "1:0bfbe13936953a98ae3cfe8ed6670d396ad81edf069a806d2f6515d7bb6950df"
  name = "github.com/google/btree"
  packages = ["."]
  pruneopts = "UT"
  revision = "4030bb1f1f0c35b30ca7009e9ebd06849dd45306"

[[projects]]
  branch = "master"
  digest = "1:3ee90c0d94da31b442dde97c99635aaafec68d0b8a3c12ee2075c6bdabeec6bb"
  name = "github.com/google/gofuzz"
  packages = ["."]
  pruneopts = "UT"
  revision = "24818f796faf91cd76ec7bddd72458fbced7a6c1"

[[projects]]
  digest = "1:65c4414eeb350c47b8de71110150d0ea8a281835b1f386eacaa3ad7325929c21"
  name = "github.com/googleapis/gnostic"
  packages = [
    "OpenAPIv2",
    "compiler",
    "extensions",
  ]
  pruneopts = "UT"
  revision = "7c663266750e7d82587642f65e60bc4083f1f84e"
  version = "v0.2.0"

[[projects]]
  branch = "master"
  digest = "1:b4395b2a4566c24459af3d04009b39cc21762fc77ec7bf7a1aa905c91e8f018d"
  name = "github.com/gregjones/httpcache"
  packages = [
    ".",
    "diskcache",
  ]
  pruneopts = "UT"
  revision = "3befbb6ad0cc97d4c25d851e9528915809e1a22f"

[[projects]]
  digest = "1:a0cefd27d12712af4b5018dc7046f245e1e3b5760e2e848c30b171b570708f9b"
  name = "github.com/imdario/mergo"
  packages = ["."]
  pruneopts = "UT"
  revision = "7c29201646fa3de8506f701213473dd407f19646"
  version = "v0.3.7"

[[projects]]
  digest = "1:870d441fe217b8e689d7949fef6e43efbc787e50f200cb1e70dbca9204a1d6be"
  name = "github.com/inconshreveable/mousetrap"
  packages = ["."]
  pruneopts = "UT"
  revision = "76626ae9c91c4f2a10f34cad8ce83ea42c93bb75"
  version = "v1.0"

[[projects]]
  digest = "1:f5a2051c55d05548d2d4fd23d244027b59fbd943217df8aa3b5e170ac2fd6e1b"
  name = "github.com/json-iterator/go"
  packages = ["."]
  pruneopts = "UT"
  revision = "0ff49de124c6f76f8494e194af75bde0f1a49a29"
  version = "v1.1.6"

[[projects]]
  digest = "1:33422d238f147d247752996a26574ac48dcf472976eda7f5134015f06bf16563"
  name = "github.com/modern-go/concurrent"
  packages = ["."]
  pruneopts = "UT"
  revision = "bacd9c7ef1dd9b15be4a9909b8ac7a4e313eec94"
  version = "1.0.3"

[[projects]]
  digest = "1:e32bdbdb7c377a07a9a46378290059822efdce5c8d96fe71940d87cb4f918855"
  name = "github.com/modern-go/reflect2"
  packages = ["."]
  pruneopts = "UT"
  revision = "4b7aa43c6742a2c18fdef89dd197aaae7dac7ccd"
  version = "1.0.1"

[[projects]]
  digest = "1:c805e517269b0ba4c21ded5836019ed7d16953d4026cb7d00041d039c7906be9"
  name = "github.com/natefinch/lumberjack"
  packages = ["."]
  pruneopts = "UT"
  revision = "a96e63847dc3c67d17befa69c303767e2f84e54f"
  version = "v2.1"

[[projects]]
  branch = "master"
  digest = "1:086ada9a7658f60e74f54c4229be801d059a8cf1319c5a67acbbccf10a817a4e"
  name = "github.com/openshift/api"
  packages = ["route/v1"]
  pruneopts = "UT"
  revision = "7fa446eb33f1df4d5e4175a31591191368137f10"

[[projects]]
  branch = "master"
  digest = "1:9c815133143a167e42908559adcb610f21c165d9cf9e089738fb1af84be5cd26"
  name = "github.com/openshift/client-go"
  packages = [
    "route/clientset/versioned/scheme",
    "route/clientset/versioned/typed/route/v1",
  ]
  pruneopts = "UT"
  revision = "2d89985ca24a8307e4b5db2574a62d3e6c2444b4"

[[projects]]
  branch = "master"
  digest = "1:3bf17a6e6eaa6ad24152148a631d18662f7212e21637c2699bff3369b7f00fa2"
  name = "github.com/petar/GoLLRB"
  packages = ["llrb"]
  pruneopts = "UT"
  revision = "53be0d36a84c2a886ca057d34b6aa4468df9ccb4"

[[projects]]
  digest = "1:0e7775ebbcf00d8dd28ac663614af924411c868dca3d5aa762af0fae3808d852"
  name = "github.com/peterbourgon/diskv"
  packages = ["."]
  pruneopts = "UT"
  revision = "5f041e8faa004a95c88a202771f4cc3e991971e6"
  version = "v2.0.1"

[[projects]]
  digest = "1:645cabccbb4fa8aab25a956cbcbdf6a6845ca736b2c64e197ca7cbb9d210b939"
  name = "github.com/spf13/cobra"
  packages = ["."]
  pruneopts = "UT"
  revision = "ef82de70bb3f60c65fb8eebacbb2d122ef517385"
  version = "v0.0.3"

[[projects]]
  digest = "1:c1b1102241e7f645bc8e0c22ae352e8f0dc6484b6cb4d132fa9f24174e0119e2"
  name = "github.com/spf13/pflag"
  packages = ["."]
  pruneopts = "UT"
  revision = "298182f68c66c05229eb03ac171abe6e309ee79a"
  version = "v1.0.3"

[[projects]]
  digest = "1:63b5de3cca3648683288865642def521d337d0f151c070778723c97d09d0ecbe"
  name = "go.opencensus.io"
  packages = [
    "exemplar",
    "internal/tagencoding",
    "stats",
    "stats/internal",
    "stats/view",
    "tag",
  ]
  pruneopts = "UT"
  revision = "f305e5c4e2cf345eba88de13d10de1126fa45a61"
  version = "v0.19.1"

[[projects]]
  digest = "1:3c1a69cdae3501bf75e76d0d86dc6f2b0a7421bc205c0cb7b96b19eed464a34d"
  name = "go.uber.org/atomic"
  packages = ["."]
  pruneopts = "UT"
  revision = "1ea20fb1cbb1cc08cbd0d913a96dead89aa18289"
  version = "v1.3.2"

[[projects]]
  digest = "1:60bf2a5e347af463c42ed31a493d817f8a72f102543060ed992754e689805d1a"
  name = "go.uber.org/multierr"
  packages = ["."]
  pruneopts = "UT"
  revision = "3c4937480c32f4c13a875a1829af76c98ca3d40a"
  version = "v1.1.0"

[[projects]]
  digest = "1:1a48a306f348a6454fbe88c77c25430de7c3427c4081735d3223aa97c302c24f"
  name = "go.uber.org/zap"
  packages = [
    ".",
    "buffer",
    "internal/bufferpool",
    "internal/color",
    "internal/exit",
    "zapcore",
    "zapgrpc",
  ]
  pruneopts = "UT"
  revision = "ff33455a0e382e8a81d14dd7c922020b6b5e7982"
  version = "v1.9.1"

[[projects]]
  branch = "master"
  digest = "1:058e9504b9a79bfe86092974d05bb3298d2aa0c312d266d43148de289a5065d9"
  name = "golang.org/x/crypto"
  packages = ["ssh/terminal"]
  pruneopts = "UT"
  revision = "a1f597ede03a7bef967a422b5b3a5bd08805a01e"

[[projects]]
  branch = "master"
  digest = "1:166293c9bbd7ee31d2fc8465823015ad49cf9949dfbbc55c26076ced4f054360"
  name = "golang.org/x/net"
  packages = [
    "http/httpguts",
    "http2",
    "http2/hpack",
    "idna",
    "internal/timeseries",
    "trace",
  ]
  pruneopts = "UT"
  revision = "5c2c250b6a70e39b74bb544433a348a892b10530"

[[projects]]
  branch = "master"
  digest = "1:944736317d4f2fb1c1015ef9ca05fd9313b4e19f1128901cc678f636435fa9b0"
  name = "golang.org/x/sys"
  packages = [
    "unix",
    "windows",
  ]
  pruneopts = "UT"
  revision = "fead79001313d15903fb4605b4a1b781532cd93e"

[[projects]]
  digest = "1:a2ab62866c75542dd18d2b069fec854577a20211d7c0ea6ae746072a1dccdd18"
  name = "golang.org/x/text"
  packages = [
    "collate",
    "collate/build",
    "internal/colltab",
    "internal/gen",
    "internal/tag",
    "internal/triegen",
    "internal/ucd",
    "language",
    "secure/bidirule",
    "transform",
    "unicode/bidi",
    "unicode/cldr",
    "unicode/norm",
    "unicode/rangetable",
  ]
  pruneopts = "UT"
  revision = "f21a4dfb5e38f5895301dc265a8def02365cc3d0"
  version = "v0.3.0"

[[projects]]
  branch = "master"
  digest = "1:9fdc2b55e8e0fafe4b41884091e51e77344f7dc511c5acedcfd98200003bff90"
  name = "golang.org/x/time"
  packages = ["rate"]
  pruneopts = "UT"
  revision = "9d24e82272b4f38b78bc8cff74fa936d31ccd8ef"

[[projects]]
  branch = "master"
  digest = "1:c3076e7defee87de1236f1814beb588f40a75544c60121e6eb38b3b3721783e2"
  name = "google.golang.org/genproto"
  packages = ["googleapis/rpc/status"]
  pruneopts = "UT"
  revision = "5fe7a883aa19554f42890211544aa549836af7b7"

[[projects]]
  digest = "1:cbc746de4662c66fd24a037501bd65aa0f8ad0bfca0c92576e0abb88864e3741"
  name = "google.golang.org/grpc"
  packages = [
    ".",
    "balancer",
    "balancer/base",
    "balancer/roundrobin",
    "binarylog/grpc_binarylog_v1",
    "codes",
    "connectivity",
    "credentials",
    "credentials/internal",
    "encoding",
    "encoding/proto",
    "grpclog",
    "internal",
    "internal/backoff",
    "internal/binarylog",
    "internal/channelz",
    "internal/envconfig",
    "internal/grpcrand",
    "internal/grpcsync",
    "internal/syscall",
    "internal/transport",
    "keepalive",
    "metadata",
    "naming",
    "peer",
    "resolver",
    "resolver/dns",
    "resolver/passthrough",
    "stats",
    "status",
    "tap",
  ]
  pruneopts = "UT"
  revision = "2fdaae294f38ed9a121193c51ec99fecd3b13eb7"
  version = "v1.19.0"

[[projects]]
  digest = "1:2d1fbdc6777e5408cabeb02bf336305e724b925ff4546ded0fa8715a7267922a"
  name = "gopkg.in/inf.v0"
  packages = ["."]
  pruneopts = "UT"
  revision = "d2d2541c53f18d2a059457998ce2876cc8e67cbf"
  version = "v0.9.1"

[[projects]]
  digest = "1:4d2e5a73dc1500038e504a8d78b986630e3626dc027bc030ba5c75da257cdb96"
  name = "gopkg.in/yaml.v2"
  packages = ["."]
  pruneopts = "UT"
  revision = "51d6538a90f86fe93ac480b35f37b2be17fef232"
  version = "v2.2.2"

[[projects]]
  branch = "release-1.1"
  digest = "1:449f924118231607311838d27769a2669a8f502cc7c943fda3354c4a32d491e2"
  name = "istio.io/api"
  packages = [
    "authentication/v1alpha1",
    "mcp/v1alpha1",
    "mixer/v1",
    "mixer/v1/config/client",
    "networking/v1alpha3",
    "policy/v1beta1",
    "rbac/v1alpha1",
  ]
  pruneopts = "UT"
  revision = "a68257e399a822e1797317563da8cc78edbde8c1"

[[projects]]
  branch = "release-1.1"
  digest = "1:64b80f768ebe0089d1da29da3b4f2c416913cce522b444aa6b58adb97a4b4cc8"
  name = "istio.io/istio"
  packages = [
    "galley/pkg/metadata",
    "galley/pkg/runtime/resource",
    "pkg/kube",
    "pkg/log",
    "pkg/mcp/client",
    "pkg/mcp/internal",
    "pkg/mcp/monitoring",
    "pkg/mcp/sink",
    "pkg/mcp/testing/monitoring",
  ]
  pruneopts = "UT"
  revision = "d9e9dca3720cb69615fd684acb80b2507e20e327"

[[projects]]
  branch = "release-1.11"
  digest = "1:d937c84b21107b248846522386d8813a47537f28d60f1d7685cd15c1afe20ea6"
  name = "k8s.io/api"
  packages = [
    "admissionregistration/v1alpha1",
    "admissionregistration/v1beta1",
    "apps/v1",
    "apps/v1beta1",
    "apps/v1beta2",
    "authentication/v1",
    "authentication/v1beta1",
    "authorization/v1",
    "authorization/v1beta1",
    "autoscaling/v1",
    "autoscaling/v2beta1",
    "batch/v1",
    "batch/v1beta1",
    "batch/v2alpha1",
    "certificates/v1beta1",
    "core/v1",
    "events/v1beta1",
    "extensions/v1beta1",
    "networking/v1",
    "policy/v1beta1",
    "rbac/v1",
    "rbac/v1alpha1",
    "rbac/v1beta1",
    "scheduling/v1alpha1",
    "scheduling/v1beta1",
    "settings/v1alpha1",
    "storage/v1",
    "storage/v1alpha1",
    "storage/v1beta1",
  ]
  pruneopts = "UT"
  revision = "912cbe2bfef3d832db29f9d3125307fe907102e9"

[[projects]]
  branch = "release-1.11"
  digest = "1:5a3f842fb1abad8c5156acdb3c85c56fec6bf08fe65f2e4f01b8f3010a4dd1fa"
  name = "k8s.io/apimachinery"
  packages = [
    "pkg/api/errors",
    "pkg/api/meta",
    "pkg/api/resource",
    "pkg/apis/meta/v1",
    "pkg/apis/meta/v1/unstructured",
    "pkg/apis/meta/v1beta1",
    "pkg/conversion",
    "pkg/conversion/queryparams",
    "pkg/fields",
    "pkg/labels",
    "pkg/runtime",
    "pkg/runtime/schema",
    "pkg/runtime/serializer",
    "pkg/runtime/serializer/json",
    "pkg/runtime/serializer/protobuf",
    "pkg/runtime/serializer/recognizer",
    "pkg/runtime/serializer/streaming",
    "pkg/runtime/serializer/versioning",
    "pkg/selection",
    "pkg/types",
    "pkg/util/clock",
    "pkg/util/errors",
    "pkg/util/framer",
    "pkg/util/intstr",
    "pkg/util/json",
    "pkg/util/net",
    "pkg/util/runtime",
    "pkg/util/sets",
    "pkg/util/validation",
    "pkg/util/validation/field",
    "pkg/util/wait",
    "pkg/util/yaml",
    "pkg/version",
    "pkg/watch",
    "third_party/forked/golang/reflect",
  ]
  pruneopts = "UT"
  revision = "c182ff3b98419e7305cc361fd1811988591656cf"

[[projects]]
  branch = "release-8.0"
  digest = "1:4950cbe9942fd805a6b1594be3fbf19ae70c2c60c990628fe86fea4a2bf36e0c"
  name = "k8s.io/client-go"
  packages = [
    "discovery",
    "kubernetes",
    "kubernetes/scheme",
    "kubernetes/typed/admissionregistration/v1alpha1",
    "kubernetes/typed/admissionregistration/v1beta1",
    "kubernetes/typed/apps/v1",
    "kubernetes/typed/apps/v1beta1",
    "kubernetes/typed/apps/v1beta2",
    "kubernetes/typed/authentication/v1",
    "kubernetes/typed/authentication/v1beta1",
    "kubernetes/typed/authorization/v1",
    "kubernetes/typed/authorization/v1beta1",
    "kubernetes/typed/autoscaling/v1",
    "kubernetes/typed/autoscaling/v2beta1",
    "kubernetes/typed/batch/v1",
    "kubernetes/typed/batch/v1beta1",
    "kubernetes/typed/batch/v2alpha1",
    "kubernetes/typed/certificates/v1beta1",
    "kubernetes/typed/core/v1",
    "kubernetes/typed/events/v1beta1",
    "kubernetes/typed/extensions/v1beta1",
    "kubernetes/typed/networking/v1",
    "kubernetes/typed/policy/v1beta1",
    "kubernetes/typed/rbac/v1",
    "kubernetes/typed/rbac/v1alpha1",
    "kubernetes/typed/rbac/v1beta1",
    "kubernetes/typed/scheduling/v1alpha1",
    "kubernetes/typed/scheduling/v1beta1",
    "kubernetes/typed/settings/v1alpha1",
    "kubernetes/typed/storage/v1",
    "kubernetes/typed/storage/v1alpha1",
    "kubernetes/typed/storage/v1beta1",
    "pkg/apis/clientauthentication",
    "pkg/apis/clientauthentication/v1alpha1",
    "pkg/apis/clientauthentication/v1beta1",
    "pkg/version",
    "plugin/pkg/client/auth/exec",
    "rest",
    "rest/watch",
    "tools/auth",
    "tools/clientcmd",
    "tools/clientcmd/api",
    "tools/clientcmd/api/latest",
    "tools/clientcmd/api/v1",
    "tools/metrics",
    "tools/reference",
    "transport",
    "util/cert",
    "util/connrotation",
    "util/flowcontrol",
    "util/homedir",
    "util/integer",
  ]
  pruneopts = "UT"
  revision = "4022682532b3b46b46a31b4c6150cbf55174cf0f"

[solve-meta]
  analyzer-name = "dep"
  analyzer-version = 1
  input-imports = [
    "github.com/openshift/api/route/v1",
    "github.com/openshift/client-go/route/clientset/versioned/typed/route/v1",
    "github.com/spf13/cobra",
    "google.golang.org/grpc",
    "istio.io/api/mcp/v1alpha1",
    "istio.io/api/networking/v1alpha3",
    "istio.io/istio/galley/pkg/metadata",
    "istio.io/istio/pkg/kube",
    "istio.io/istio/pkg/log",
    "istio.io/istio/pkg/mcp/client",
    "istio.io/istio/pkg/mcp/sink",
    "istio.io/istio/pkg/mcp/testing/monitoring",
    "k8s.io/apimachinery/pkg/apis/meta/v1",
  ]
  solver-name = "gps-cdcl"
  solver-version = 1
